Microsoft Visual Studio Solution File, Format Version 12.00
# Visual Studio Version 17
VisualStudioVersion = 17.5.2.0
MinimumVisualStudioVersion = 10.0.40219.1
Project("{FAE04EC0-301F-11D3-BF4B-00C04F79EFBC}") = "AreWeThereYet", "AreWeThereYet.csproj", "{030DF9AE-BED6-4BC2-C390-0044F4FDBD90}"
EndProject
Global
	GlobalSection(SolutionConfigurationPlatforms) = preSolution
		Debug|Any CPU = Debug|Any CPU
		Release|Any CPU = Release|Any CPU
	EndGlobalSection
	GlobalSection(ProjectConfigurationPlatforms) = postSolution
		{030DF9AE-BED6-4BC2-C390-0044F4FDBD90}.Debug|Any CPU.ActiveCfg = Debug|Any CPU
		{030DF9AE-BED6-4BC2-C390-0044F4FDBD90}.Debug|Any CPU.Build.0 = Debug|Any CPU
		{030DF9AE-BED6-4BC2-C390-0044F4FDBD90}.Release|Any CPU.ActiveCfg = Release|Any CPU
		{030DF9AE-BED6-4BC2-C390-0044F4FDBD90}.Release|Any CPU.Build.0 = Release|Any CPU
	EndGlobalSection
	GlobalSection(SolutionProperties) = preSolution
		HideSolutionNode = FALSE
	EndGlobalSection
	GlobalSection(ExtensibilityGlobals) = postSolution
		SolutionGuid = {89A34522-D262-4BEB-97FE-86CDFFEEEF1A}
	EndGlobalSection
EndGlobal
